
Microsoft Visual Studio Solution File, Format Version 12.00
# Visual Studio 15
VisualStudioVersion = 15.0.26430.14
MinimumVisualStudioVersion = 10.0.40219.1
Project("{FAE04EC0-301F-11D3-BF4B-00C04F79EFBC}") = "ExtrameFunctionCalculator", "ExtrameFunctionCalculator\ExtrameFunctionCalculator.csproj", "{DB81DFDD-E0C8-4DF1-A043-162C80379276}"
EndProject
Project("{FAE04EC0-301F-11D3-BF4B-00C04F79EFBC}") = "Test", "Test\Test.csproj", "{79F72627-A2D9-466A-B0A1-B6669A3B4292}"
EndProject
Project("{FAE04EC0-301F-11D3-BF4B-00C04F79EFBC}") = "ExtrameFunctionCalculatorLogServer", "ExtrameFunctionCalculatorLogClient\ExtrameFunctionCalculatorLogServer.csproj", "{003999A3-8051-4F9B-AD13-19B92583E327}"
EndProject
Project("{FAE04EC0-301F-11D3-BF4B-00C04F79EFBC}") = "CalculatorUnitTest", "CalculatorUnitTest\CalculatorUnitTest.csproj", "{31A8DFA9-881A-4F0F-9732-BAF8497D6352}"
EndProject
Project("{2150E333-8FDC-42A3-9474-1A3956D46DE8}") = "GUIs", "GUIs", "{6D10C7FB-E88E-44D7-ADE6-C4A9ADAB6D1B}"
EndProject
Project("{2150E333-8FDC-42A3-9474-1A3956D46DE8}") = "Others", "Others", "{EF8042D6-97F1-4FC2-993C-9C270B5754AD}"
EndProject
Project("{FAE04EC0-301F-11D3-BF4B-00C04F79EFBC}") = "CalculatorGUI", "CalculatorGUI\CalculatorGUI.csproj", "{3249DA18-245D-4E37-929D-82AD957D5C33}"
EndProject
Global
	GlobalSection(SolutionConfigurationPlatforms) = preSolution
		Debug|Any CPU = Debug|Any CPU
		Debug|ARM = Debug|ARM
		Debug|x64 = Debug|x64
		Debug|x86 = Debug|x86
		Release|Any CPU = Release|Any CPU
		Release|ARM = Release|ARM
		Release|x64 = Release|x64
		Release|x86 = Release|x86
	EndGlobalSection
	GlobalSection(ProjectConfigurationPlatforms) = postSolution
		{DB81DFDD-E0C8-4DF1-A043-162C80379276}.Debug|Any CPU.ActiveCfg = Debug|Any CPU
		{DB81DFDD-E0C8-4DF1-A043-162C80379276}.Debug|Any CPU.Build.0 = Debug|Any CPU
		{DB81DFDD-E0C8-4DF1-A043-162C80379276}.Debug|ARM.ActiveCfg = Debug|Any CPU
		{DB81DFDD-E0C8-4DF1-A043-162C80379276}.Debug|ARM.Build.0 = Debug|Any CPU
		{DB81DFDD-E0C8-4DF1-A043-162C80379276}.Debug|x64.ActiveCfg = Debug|Any CPU
		{DB81DFDD-E0C8-4DF1-A043-162C80379276}.Debug|x64.Build.0 = Debug|Any CPU
		{DB81DFDD-E0C8-4DF1-A043-162C80379276}.Debug|x86.ActiveCfg = Debug|Any CPU
		{DB81DFDD-E0C8-4DF1-A043-162C80379276}.Debug|x86.Build.0 = Debug|Any CPU
		{DB81DFDD-E0C8-4DF1-A043-162C80379276}.Release|Any CPU.ActiveCfg = Release|Any CPU
		{DB81DFDD-E0C8-4DF1-A043-162C80379276}.Release|Any CPU.Build.0 = Release|Any CPU
		{DB81DFDD-E0C8-4DF1-A043-162C80379276}.Release|ARM.ActiveCfg = Release|Any CPU
		{DB81DFDD-E0C8-4DF1-A043-162C80379276}.Release|ARM.Build.0 = Release|Any CPU
		{DB81DFDD-E0C8-4DF1-A043-162C80379276}.Release|x64.ActiveCfg = Release|Any CPU
		{DB81DFDD-E0C8-4DF1-A043-162C80379276}.Release|x64.Build.0 = Release|Any CPU
		{DB81DFDD-E0C8-4DF1-A043-162C80379276}.Release|x86.ActiveCfg = Release|Any CPU
		{DB81DFDD-E0C8-4DF1-A043-162C80379276}.Release|x86.Build.0 = Release|Any CPU
		{79F72627-A2D9-466A-B0A1-B6669A3B4292}.Debug|Any CPU.ActiveCfg = Debug|Any CPU
		{79F72627-A2D9-466A-B0A1-B6669A3B4292}.Debug|Any CPU.Build.0 = Debug|Any CPU
		{79F72627-A2D9-466A-B0A1-B6669A3B4292}.Debug|ARM.ActiveCfg = Debug|Any CPU
		{79F72627-A2D9-466A-B0A1-B6669A3B4292}.Debug|ARM.Build.0 = Debug|Any CPU
		{79F72627-A2D9-466A-B0A1-B6669A3B4292}.Debug|x64.ActiveCfg = Debug|Any CPU
		{79F72627-A2D9-466A-B0A1-B6669A3B4292}.Debug|x64.Build.0 = Debug|Any CPU
		{79F72627-A2D9-466A-B0A1-B6669A3B4292}.Debug|x86.ActiveCfg = Debug|Any CPU
		{79F72627-A2D9-466A-B0A1-B6669A3B4292}.Debug|x86.Build.0 = Debug|Any CPU
		{79F72627-A2D9-466A-B0A1-B6669A3B4292}.Release|Any CPU.ActiveCfg = Release|Any CPU
		{79F72627-A2D9-466A-B0A1-B6669A3B4292}.Release|Any CPU.Build.0 = Release|Any CPU
		{79F72627-A2D9-466A-B0A1-B6669A3B4292}.Release|ARM.ActiveCfg = Release|Any CPU
		{79F72627-A2D9-466A-B0A1-B6669A3B4292}.Release|ARM.Build.0 = Release|Any CPU
		{79F72627-A2D9-466A-B0A1-B6669A3B4292}.Release|x64.ActiveCfg = Release|Any CPU
		{79F72627-A2D9-466A-B0A1-B6669A3B4292}.Release|x64.Build.0 = Release|Any CPU
		{79F72627-A2D9-466A-B0A1-B6669A3B4292}.Release|x86.ActiveCfg = Release|Any CPU
		{79F72627-A2D9-466A-B0A1-B6669A3B4292}.Release|x86.Build.0 = Release|Any CPU
		{003999A3-8051-4F9B-AD13-19B92583E327}.Debug|Any CPU.ActiveCfg = Debug|Any CPU
		{003999A3-8051-4F9B-AD13-19B92583E327}.Debug|Any CPU.Build.0 = Debug|Any CPU
		{003999A3-8051-4F9B-AD13-19B92583E327}.Debug|ARM.ActiveCfg = Debug|Any CPU
		{003999A3-8051-4F9B-AD13-19B92583E327}.Debug|ARM.Build.0 = Debug|Any CPU
		{003999A3-8051-4F9B-AD13-19B92583E327}.Debug|x64.ActiveCfg = Debug|Any CPU
		{003999A3-8051-4F9B-AD13-19B92583E327}.Debug|x64.Build.0 = Debug|Any CPU
		{003999A3-8051-4F9B-AD13-19B92583E327}.Debug|x86.ActiveCfg = Debug|Any CPU
		{003999A3-8051-4F9B-AD13-19B92583E327}.Debug|x86.Build.0 = Debug|Any CPU
		{003999A3-8051-4F9B-AD13-19B92583E327}.Release|Any CPU.ActiveCfg = Release|Any CPU
		{003999A3-8051-4F9B-AD13-19B92583E327}.Release|Any CPU.Build.0 = Release|Any CPU
		{003999A3-8051-4F9B-AD13-19B92583E327}.Release|ARM.ActiveCfg = Release|Any CPU
		{003999A3-8051-4F9B-AD13-19B92583E327}.Release|ARM.Build.0 = Release|Any CPU
		{003999A3-8051-4F9B-AD13-19B92583E327}.Release|x64.ActiveCfg = Release|Any CPU
		{003999A3-8051-4F9B-AD13-19B92583E327}.Release|x64.Build.0 = Release|Any CPU
		{003999A3-8051-4F9B-AD13-19B92583E327}.Release|x86.ActiveCfg = Release|Any CPU
		{003999A3-8051-4F9B-AD13-19B92583E327}.Release|x86.Build.0 = Release|Any CPU
		{31A8DFA9-881A-4F0F-9732-BAF8497D6352}.Debug|Any CPU.ActiveCfg = Debug|Any CPU
		{31A8DFA9-881A-4F0F-9732-BAF8497D6352}.Debug|Any CPU.Build.0 = Debug|Any CPU
		{31A8DFA9-881A-4F0F-9732-BAF8497D6352}.Debug|ARM.ActiveCfg = Debug|Any CPU
		{31A8DFA9-881A-4F0F-9732-BAF8497D6352}.Debug|ARM.Build.0 = Debug|Any CPU
		{31A8DFA9-881A-4F0F-9732-BAF8497D6352}.Debug|x64.ActiveCfg = Debug|Any CPU
		{31A8DFA9-881A-4F0F-9732-BAF8497D6352}.Debug|x64.Build.0 = Debug|Any CPU
		{31A8DFA9-881A-4F0F-9732-BAF8497D6352}.Debug|x86.ActiveCfg = Debug|Any CPU
		{31A8DFA9-881A-4F0F-9732-BAF8497D6352}.Debug|x86.Build.0 = Debug|Any CPU
		{31A8DFA9-881A-4F0F-9732-BAF8497D6352}.Release|Any CPU.ActiveCfg = Release|Any CPU
		{31A8DFA9-881A-4F0F-9732-BAF8497D6352}.Release|Any CPU.Build.0 = Release|Any CPU
		{31A8DFA9-881A-4F0F-9732-BAF8497D6352}.Release|ARM.ActiveCfg = Release|Any CPU
		{31A8DFA9-881A-4F0F-9732-BAF8497D6352}.Release|ARM.Build.0 = Release|Any CPU
		{31A8DFA9-881A-4F0F-9732-BAF8497D6352}.Release|x64.ActiveCfg = Release|Any CPU
		{31A8DFA9-881A-4F0F-9732-BAF8497D6352}.Release|x64.Build.0 = Release|Any CPU
		{31A8DFA9-881A-4F0F-9732-BAF8497D6352}.Release|x86.ActiveCfg = Release|Any CPU
		{31A8DFA9-881A-4F0F-9732-BAF8497D6352}.Release|x86.Build.0 = Release|Any CPU
		{3249DA18-245D-4E37-929D-82AD957D5C33}.Debug|Any CPU.ActiveCfg = Debug|Any CPU
		{3249DA18-245D-4E37-929D-82AD957D5C33}.Debug|Any CPU.Build.0 = Debug|Any CPU
		{3249DA18-245D-4E37-929D-82AD957D5C33}.Debug|ARM.ActiveCfg = Debug|Any CPU
		{3249DA18-245D-4E37-929D-82AD957D5C33}.Debug|ARM.Build.0 = Debug|Any CPU
		{3249DA18-245D-4E37-929D-82AD957D5C33}.Debug|x64.ActiveCfg = Debug|Any CPU
		{3249DA18-245D-4E37-929D-82AD957D5C33}.Debug|x64.Build.0 = Debug|Any CPU
		{3249DA18-245D-4E37-929D-82AD957D5C33}.Debug|x86.ActiveCfg = Debug|Any CPU
		{3249DA18-245D-4E37-929D-82AD957D5C33}.Debug|x86.Build.0 = Debug|Any CPU
		{3249DA18-245D-4E37-929D-82AD957D5C33}.Release|Any CPU.ActiveCfg = Release|Any CPU
		{3249DA18-245D-4E37-929D-82AD957D5C33}.Release|Any CPU.Build.0 = Release|Any CPU
		{3249DA18-245D-4E37-929D-82AD957D5C33}.Release|ARM.ActiveCfg = Release|Any CPU
		{3249DA18-245D-4E37-929D-82AD957D5C33}.Release|ARM.Build.0 = Release|Any CPU
		{3249DA18-245D-4E37-929D-82AD957D5C33}.Release|x64.ActiveCfg = Release|Any CPU
		{3249DA18-245D-4E37-929D-82AD957D5C33}.Release|x64.Build.0 = Release|Any CPU
		{3249DA18-245D-4E37-929D-82AD957D5C33}.Release|x86.ActiveCfg = Release|Any CPU
		{3249DA18-245D-4E37-929D-82AD957D5C33}.Release|x86.Build.0 = Release|Any CPU
	EndGlobalSection
	GlobalSection(SolutionProperties) = preSolution
		HideSolutionNode = FALSE
	EndGlobalSection
	GlobalSection(NestedProjects) = preSolution
		{79F72627-A2D9-466A-B0A1-B6669A3B4292} = {EF8042D6-97F1-4FC2-993C-9C270B5754AD}
		{003999A3-8051-4F9B-AD13-19B92583E327} = {EF8042D6-97F1-4FC2-993C-9C270B5754AD}
		{31A8DFA9-881A-4F0F-9732-BAF8497D6352} = {EF8042D6-97F1-4FC2-993C-9C270B5754AD}
		{3249DA18-245D-4E37-929D-82AD957D5C33} = {6D10C7FB-E88E-44D7-ADE6-C4A9ADAB6D1B}
	EndGlobalSection
EndGlobal
